# This file was autogenerated by Stack.
# You should not edit this file by hand.
# For more information, please see the documentation at:
#   https://docs.haskellstack.org/en/stable/lock_files

packages:
- completed:
    hackage: fgl-visualize-0.1.0.1@sha256:e682066053a6e75478a08fd6822dd0143a3b8ea23244bdb01dd389a266447c5e,995
    pantry-tree:
      sha256: 969d6b60ea298ffb81697dd350e76774a2f876103a147117f832400451ad2cc3
      size: 224
  original:
    hackage: fgl-visualize-0.1.0.1
- completed:
    hackage: futhark-data-1.1.0.1@sha256:20dc734aca2d1c25366b6e113d8736c4b68e100123c2316c6add2164a107cbad,2368
    pantry-tree:
      sha256: ed9b579347819d1c53208b2c3123c0088cc3b668133f1e4b027ae59ce38033a9
      size: 479
  original:
    hackage: futhark-data-1.1.0.1
- completed:
    hackage: futhark-manifest-1.2.0.1@sha256:f3f8b4ca666134d8ffd3de716d7f914e6fa8c3c2107080f1c7da58a372fbc5f1,1726
    pantry-tree:
      sha256: f0adf2519214158538eb1e3750987fdc0df415257500187138eab8bbfc1b68ef
      size: 284
  original:
    hackage: futhark-manifest-1.2.0.1
- completed:
    hackage: futhark-server-1.2.2.1@sha256:a96255659522ccda61df540960eb26a8b1f1526e77c66f38e5ebc3a39632dda4,1357
    pantry-tree:
      sha256: 8d05b47d75c42b79555342dcd591154a3353de597ae6ab77dff6abf011eda9b4
      size: 296
  original:
    hackage: futhark-server-1.2.2.1
snapshots:
- completed:
    sha256: 4fed6e25f45c988efd4607a81b722ca16dc980d9a1009c09aee6a0a512c47e70
    size: 699417
    url: https://raw.githubusercontent.com/commercialhaskell/stackage-snapshots/master/nightly/2023/11/25.yaml
  original: nightly-2023-11-25
